{
  "object": {
    "pins": [
      {
        "package": "GRDB",
        "repositoryURL": "https://github.com/groue/GRDB.swift.git",
        "state": {
          "branch": null,
          "revision": "89bc509170f91e8f593ed1b96cc2ba2c0a236760",
          "version": "4.5.0"
        }
      },
      {
        "package": "GRDBCombine",
        "repositoryURL": "https://github.com/groue/GRDBCombine.git",
        "state": {
          "branch": null,
          "revision": "de48628cff801040272c0b3717b09de1458a79ad",
          "version": "0.5.0"
        }
      }
    ]
  },
  "version": 1
}
