{
  "object": {
    "pins": [
      {
        "package": "CSQLite",
        "repositoryURL": "https://github.com/groue/CSQLite.git",
        "state": {
          "branch": null,
          "revision": "3a405d0ebd8bf07d4c41a8b05a203e4d03415b5b",
          "version": "0.3.0"
        }
      },
      {
        "package": "GRDB",
        "repositoryURL": "https://github.com/groue/GRDB.swift.git",
        "state": {
          "branch": null,
          "revision": "89bc509170f91e8f593ed1b96cc2ba2c0a236760",
          "version": "4.5.0"
        }
      },
      {
        "package": "GRDBCombine",
        "repositoryURL": "https://github.com/groue/GRDBCombine.git",
        "state": {
          "branch": "master",
          "revision": "a002d9ef4723f80a3c986e5373a643e3bf51aed8",
          "version": null
        }
      }
    ]
  },
  "version": 1
}
